{
  "name": "ts-bug-rename",
  "lockfileVersion": 2,
  "requires": true,
  "packages": {
    "": {
      "license": "MIT",
      "devDependencies": {
        "typescript": "4.5.0-dev.20210831"
      }
    },
    "node_modules/typescript": {
      "version": "4.5.0-dev.20210831",
      "resolved": "https://registry.npmjs.org/typescript/-/typescript-4.5.0-dev.20210831.tgz",
      "integrity": "sha512-zSNyMDpY4jz/pDtpuhne5vMuWSqxeCihsFbztn2EBON9prp6wISZqRELnmXiPujbTehjdMHXCmCl4c/Jbfq8BA==",
      "dev": true,
      "bin": {
        "tsc": "bin/tsc",
        "tsserver": "bin/tsserver"
      },
      "engines": {
        "node": ">=4.2.0"
      }
    }
  },
  "dependencies": {
    "typescript": {
      "version": "4.5.0-dev.20210831",
      "resolved": "https://registry.npmjs.org/typescript/-/typescript-4.5.0-dev.20210831.tgz",
      "integrity": "sha512-zSNyMDpY4jz/pDtpuhne5vMuWSqxeCihsFbztn2EBON9prp6wISZqRELnmXiPujbTehjdMHXCmCl4c/Jbfq8BA==",
      "dev": true
    }
  }
}
